
Microsoft Visual Studio Solution File, Format Version 12.00
# Visual Studio Version 17
VisualStudioVersion = 17.3.32901.215
MinimumVisualStudioVersion = 10.0.40219.1
Project("{2150E333-8FDC-42A3-9474-1A3956D46DE8}") = "Backend", "Backend", "{4C9A1270-0775-4033-9A3E-9BA891D37B05}"
EndProject
Project("{2150E333-8FDC-42A3-9474-1A3956D46DE8}") = "Frontend", "Frontend", "{F922111E-DA47-4E5D-87BF-07EC34BD678E}"
EndProject
Project("{2150E333-8FDC-42A3-9474-1A3956D46DE8}") = "Shared", "Shared", "{E0473810-2EE0-45BF-9A8B-BD9BB4EACD8D}"
EndProject
Project("{9A19103F-16F7-4668-BE54-9A1E7A4F7556}") = "OPM0PG_HFT_2022231.Models", "OPM0PG_HFT_2022231.Models\OPM0PG_HFT_2022231.Models.csproj", "{02234013-205E-441B-8629-278DE7EA2E83}"
EndProject
Project("{9A19103F-16F7-4668-BE54-9A1E7A4F7556}") = "OPM0PG_HFT_2022231.Endpoint", "OPM0PG_HFT_2022231.Endpoint\OPM0PG_HFT_2022231.Endpoint.csproj", "{E6DAF2E6-F58D-4CB9-BD33-DC4A687FE280}"
EndProject
Project("{9A19103F-16F7-4668-BE54-9A1E7A4F7556}") = "OPM0PG_HFT_2022231.Repository", "OPM0PG_HFT_2022231.Repository\OPM0PG_HFT_2022231.Repository.csproj", "{2A5A1150-39A0-4A19-BC38-F2F62CBDAFD0}"
EndProject
Project("{9A19103F-16F7-4668-BE54-9A1E7A4F7556}") = "OPM0PG_HFT_2022231.Logic", "OPM0PG_HFT_2022231.Logic\OPM0PG_HFT_2022231.Logic.csproj", "{C06559E3-BA36-4E9A-B0C9-4C00BEBD93EE}"
EndProject
Project("{9A19103F-16F7-4668-BE54-9A1E7A4F7556}") = "OPM0PG_HFT_2022231.Client", "OPM0PG_HFT_2022231.Client\OPM0PG_HFT_2022231.Client.csproj", "{B5819CBA-C53A-4C4E-B217-9116690CCD9D}"
EndProject
Project("{9A19103F-16F7-4668-BE54-9A1E7A4F7556}") = "OPM0PG_HFT_2022231.Test", "OPM0PG_HFT_2022231.Test\OPM0PG_HFT_2022231.Test.csproj", "{4BFF406E-F294-4913-96AE-233649B7D4E5}"
EndProject
Global
	GlobalSection(SolutionConfigurationPlatforms) = preSolution
		Debug|Any CPU = Debug|Any CPU
		Release|Any CPU = Release|Any CPU
	EndGlobalSection
	GlobalSection(ProjectConfigurationPlatforms) = postSolution
		{02234013-205E-441B-8629-278DE7EA2E83}.Debug|Any CPU.ActiveCfg = Debug|Any CPU
		{02234013-205E-441B-8629-278DE7EA2E83}.Debug|Any CPU.Build.0 = Debug|Any CPU
		{02234013-205E-441B-8629-278DE7EA2E83}.Release|Any CPU.ActiveCfg = Release|Any CPU
		{02234013-205E-441B-8629-278DE7EA2E83}.Release|Any CPU.Build.0 = Release|Any CPU
		{E6DAF2E6-F58D-4CB9-BD33-DC4A687FE280}.Debug|Any CPU.ActiveCfg = Debug|Any CPU
		{E6DAF2E6-F58D-4CB9-BD33-DC4A687FE280}.Debug|Any CPU.Build.0 = Debug|Any CPU
		{E6DAF2E6-F58D-4CB9-BD33-DC4A687FE280}.Release|Any CPU.ActiveCfg = Release|Any CPU
		{E6DAF2E6-F58D-4CB9-BD33-DC4A687FE280}.Release|Any CPU.Build.0 = Release|Any CPU
		{2A5A1150-39A0-4A19-BC38-F2F62CBDAFD0}.Debug|Any CPU.ActiveCfg = Debug|Any CPU
		{2A5A1150-39A0-4A19-BC38-F2F62CBDAFD0}.Debug|Any CPU.Build.0 = Debug|Any CPU
		{2A5A1150-39A0-4A19-BC38-F2F62CBDAFD0}.Release|Any CPU.ActiveCfg = Release|Any CPU
		{2A5A1150-39A0-4A19-BC38-F2F62CBDAFD0}.Release|Any CPU.Build.0 = Release|Any CPU
		{C06559E3-BA36-4E9A-B0C9-4C00BEBD93EE}.Debug|Any CPU.ActiveCfg = Debug|Any CPU
		{C06559E3-BA36-4E9A-B0C9-4C00BEBD93EE}.Debug|Any CPU.Build.0 = Debug|Any CPU
		{C06559E3-BA36-4E9A-B0C9-4C00BEBD93EE}.Release|Any CPU.ActiveCfg = Release|Any CPU
		{C06559E3-BA36-4E9A-B0C9-4C00BEBD93EE}.Release|Any CPU.Build.0 = Release|Any CPU
		{B5819CBA-C53A-4C4E-B217-9116690CCD9D}.Debug|Any CPU.ActiveCfg = Debug|Any CPU
		{B5819CBA-C53A-4C4E-B217-9116690CCD9D}.Debug|Any CPU.Build.0 = Debug|Any CPU
		{B5819CBA-C53A-4C4E-B217-9116690CCD9D}.Release|Any CPU.ActiveCfg = Release|Any CPU
		{B5819CBA-C53A-4C4E-B217-9116690CCD9D}.Release|Any CPU.Build.0 = Release|Any CPU
		{4BFF406E-F294-4913-96AE-233649B7D4E5}.Debug|Any CPU.ActiveCfg = Debug|Any CPU
		{4BFF406E-F294-4913-96AE-233649B7D4E5}.Debug|Any CPU.Build.0 = Debug|Any CPU
		{4BFF406E-F294-4913-96AE-233649B7D4E5}.Release|Any CPU.ActiveCfg = Release|Any CPU
		{4BFF406E-F294-4913-96AE-233649B7D4E5}.Release|Any CPU.Build.0 = Release|Any CPU
	EndGlobalSection
	GlobalSection(SolutionProperties) = preSolution
		HideSolutionNode = FALSE
	EndGlobalSection
	GlobalSection(NestedProjects) = preSolution
		{02234013-205E-441B-8629-278DE7EA2E83} = {E0473810-2EE0-45BF-9A8B-BD9BB4EACD8D}
		{E6DAF2E6-F58D-4CB9-BD33-DC4A687FE280} = {4C9A1270-0775-4033-9A3E-9BA891D37B05}
		{2A5A1150-39A0-4A19-BC38-F2F62CBDAFD0} = {4C9A1270-0775-4033-9A3E-9BA891D37B05}
		{C06559E3-BA36-4E9A-B0C9-4C00BEBD93EE} = {4C9A1270-0775-4033-9A3E-9BA891D37B05}
		{B5819CBA-C53A-4C4E-B217-9116690CCD9D} = {F922111E-DA47-4E5D-87BF-07EC34BD678E}
		{4BFF406E-F294-4913-96AE-233649B7D4E5} = {4C9A1270-0775-4033-9A3E-9BA891D37B05}
	EndGlobalSection
	GlobalSection(ExtensibilityGlobals) = postSolution
		SolutionGuid = {49EAEBC1-176D-440A-95E2-744E6A9A51DF}
	EndGlobalSection
EndGlobal
